{
  "name": "jsm",
  "version": "1.0.0",
  "lockfileVersion": 1,
  "requires": true,
  "dependencies": {
    "@types/lodash": {
      "version": "4.14.122",
      "resolved": "https://registry.npmjs.org/@types/lodash/-/lodash-4.14.122.tgz",
      "integrity": "sha512-9IdED8wU93ty8gP06ninox+42SBSJHp2IAamsSYMUY76mshRTeUsid/gtbl8ovnOwy8im41ib4cxTiIYMXGKew=="
    },
    "@types/node": {
      "version": "11.11.0",
      "resolved": "https://registry.npmjs.org/@types/node/-/node-11.11.0.tgz",
      "integrity": "sha512-D5Rt+HXgEywr3RQJcGlZUCTCx1qVbCZpVk3/tOOA6spLNZdGm8BU+zRgdRYDoF1pO3RuXLxADzMrF903JlQXqg==",
      "dev": true
    },
    "object-assign": {
      "version": "4.1.1",
      "resolved": "https://registry.npmjs.org/object-assign/-/object-assign-4.1.1.tgz",
      "integrity": "sha1-IQmtx5ZYh8/AXLvUQsrIv7s2CGM=",
      "optional": true
    },
    "serialijse": {
      "version": "0.1.3",
      "resolved": "https://registry.npmjs.org/serialijse/-/serialijse-0.1.3.tgz",
      "integrity": "sha512-Ra9NpfBmQqfefQjte6fjk3KXOvkK8oiCfRhui9wIehkAwAu+sVYymQzwJ1xkSpWjqey4a3pcCa/ugB3vMWoEmw==",
      "requires": {
        "object-assign": "^4.1.1",
        "zlib": "1.0.5"
      }
    },
    "zlib": {
      "version": "1.0.5",
      "resolved": "https://registry.npmjs.org/zlib/-/zlib-1.0.5.tgz",
      "integrity": "sha1-bnyXL8NxxkWmr7A6sUdp3vEU/MA=",
      "optional": true
    }
  }
}
